
Microsoft Visual Studio Solution File, Format Version 12.00
# Visual Studio Version 16
VisualStudioVersion = 16.0.29326.143
MinimumVisualStudioVersion = 10.0.40219.1
Project("{FAE04EC0-301F-11D3-BF4B-00C04F79EFBC}") = "XamarinDemo.Android", "XamarinDemo\XamarinDemo.Android\XamarinDemo.Android.csproj", "{B738E4EB-6100-4C33-9D37-F524C78FA8A5}"
EndProject
Project("{FAE04EC0-301F-11D3-BF4B-00C04F79EFBC}") = "XamarinDemo.iOS", "XamarinDemo\XamarinDemo.iOS\XamarinDemo.iOS.csproj", "{8D60B0BC-AB54-4F76-A842-8BC96F71331D}"
EndProject
Project("{FAE04EC0-301F-11D3-BF4B-00C04F79EFBC}") = "XamarinDemo", "XamarinDemo\XamarinDemo\XamarinDemo.csproj", "{C020FAD2-FE43-457F-A057-AD76E579D9B4}"
EndProject
Global
	GlobalSection(SolutionConfigurationPlatforms) = preSolution
		Debug|Any CPU = Debug|Any CPU
		Debug|iPhone = Debug|iPhone
		Debug|iPhoneSimulator = Debug|iPhoneSimulator
		Release|Any CPU = Release|Any CPU
		Release|iPhone = Release|iPhone
		Release|iPhoneSimulator = Release|iPhoneSimulator
	EndGlobalSection
	GlobalSection(ProjectConfigurationPlatforms) = postSolution
		{B738E4EB-6100-4C33-9D37-F524C78FA8A5}.Debug|Any CPU.ActiveCfg = Debug|Any CPU
		{B738E4EB-6100-4C33-9D37-F524C78FA8A5}.Debug|Any CPU.Build.0 = Debug|Any CPU
		{B738E4EB-6100-4C33-9D37-F524C78FA8A5}.Debug|Any CPU.Deploy.0 = Debug|Any CPU
		{B738E4EB-6100-4C33-9D37-F524C78FA8A5}.Debug|iPhone.ActiveCfg = Debug|Any CPU
		{B738E4EB-6100-4C33-9D37-F524C78FA8A5}.Debug|iPhone.Build.0 = Debug|Any CPU
		{B738E4EB-6100-4C33-9D37-F524C78FA8A5}.Debug|iPhone.Deploy.0 = Debug|Any CPU
		{B738E4EB-6100-4C33-9D37-F524C78FA8A5}.Debug|iPhoneSimulator.ActiveCfg = Debug|Any CPU
		{B738E4EB-6100-4C33-9D37-F524C78FA8A5}.Debug|iPhoneSimulator.Build.0 = Debug|Any CPU
		{B738E4EB-6100-4C33-9D37-F524C78FA8A5}.Debug|iPhoneSimulator.Deploy.0 = Debug|Any CPU
		{B738E4EB-6100-4C33-9D37-F524C78FA8A5}.Release|Any CPU.ActiveCfg = Release|Any CPU
		{B738E4EB-6100-4C33-9D37-F524C78FA8A5}.Release|Any CPU.Build.0 = Release|Any CPU
		{B738E4EB-6100-4C33-9D37-F524C78FA8A5}.Release|Any CPU.Deploy.0 = Release|Any CPU
		{B738E4EB-6100-4C33-9D37-F524C78FA8A5}.Release|iPhone.ActiveCfg = Release|Any CPU
		{B738E4EB-6100-4C33-9D37-F524C78FA8A5}.Release|iPhone.Build.0 = Release|Any CPU
		{B738E4EB-6100-4C33-9D37-F524C78FA8A5}.Release|iPhone.Deploy.0 = Release|Any CPU
		{B738E4EB-6100-4C33-9D37-F524C78FA8A5}.Release|iPhoneSimulator.ActiveCfg = Release|Any CPU
		{B738E4EB-6100-4C33-9D37-F524C78FA8A5}.Release|iPhoneSimulator.Build.0 = Release|Any CPU
		{B738E4EB-6100-4C33-9D37-F524C78FA8A5}.Release|iPhoneSimulator.Deploy.0 = Release|Any CPU
		{8D60B0BC-AB54-4F76-A842-8BC96F71331D}.Debug|Any CPU.ActiveCfg = Debug|iPhoneSimulator
		{8D60B0BC-AB54-4F76-A842-8BC96F71331D}.Debug|Any CPU.Build.0 = Debug|iPhoneSimulator
		{8D60B0BC-AB54-4F76-A842-8BC96F71331D}.Debug|Any CPU.Deploy.0 = Debug|iPhoneSimulator
		{8D60B0BC-AB54-4F76-A842-8BC96F71331D}.Debug|iPhone.ActiveCfg = Debug|iPhone
		{8D60B0BC-AB54-4F76-A842-8BC96F71331D}.Debug|iPhone.Build.0 = Debug|iPhone
		{8D60B0BC-AB54-4F76-A842-8BC96F71331D}.Debug|iPhone.Deploy.0 = Debug|iPhone
		{8D60B0BC-AB54-4F76-A842-8BC96F71331D}.Debug|iPhoneSimulator.ActiveCfg = Debug|iPhoneSimulator
		{8D60B0BC-AB54-4F76-A842-8BC96F71331D}.Debug|iPhoneSimulator.Build.0 = Debug|iPhoneSimulator
		{8D60B0BC-AB54-4F76-A842-8BC96F71331D}.Debug|iPhoneSimulator.Deploy.0 = Debug|iPhoneSimulator
		{8D60B0BC-AB54-4F76-A842-8BC96F71331D}.Release|Any CPU.ActiveCfg = Release|iPhone
		{8D60B0BC-AB54-4F76-A842-8BC96F71331D}.Release|Any CPU.Build.0 = Release|iPhone
		{8D60B0BC-AB54-4F76-A842-8BC96F71331D}.Release|Any CPU.Deploy.0 = Release|iPhone
		{8D60B0BC-AB54-4F76-A842-8BC96F71331D}.Release|iPhone.ActiveCfg = Release|iPhone
		{8D60B0BC-AB54-4F76-A842-8BC96F71331D}.Release|iPhone.Build.0 = Release|iPhone
		{8D60B0BC-AB54-4F76-A842-8BC96F71331D}.Release|iPhone.Deploy.0 = Release|iPhone
		{8D60B0BC-AB54-4F76-A842-8BC96F71331D}.Release|iPhoneSimulator.ActiveCfg = Release|iPhoneSimulator
		{8D60B0BC-AB54-4F76-A842-8BC96F71331D}.Release|iPhoneSimulator.Build.0 = Release|iPhoneSimulator
		{8D60B0BC-AB54-4F76-A842-8BC96F71331D}.Release|iPhoneSimulator.Deploy.0 = Release|iPhoneSimulator
		{C020FAD2-FE43-457F-A057-AD76E579D9B4}.Debug|Any CPU.ActiveCfg = Debug|Any CPU
		{C020FAD2-FE43-457F-A057-AD76E579D9B4}.Debug|Any CPU.Build.0 = Debug|Any CPU
		{C020FAD2-FE43-457F-A057-AD76E579D9B4}.Debug|Any CPU.Deploy.0 = Debug|Any CPU
		{C020FAD2-FE43-457F-A057-AD76E579D9B4}.Debug|iPhone.ActiveCfg = Debug|Any CPU
		{C020FAD2-FE43-457F-A057-AD76E579D9B4}.Debug|iPhone.Build.0 = Debug|Any CPU
		{C020FAD2-FE43-457F-A057-AD76E579D9B4}.Debug|iPhone.Deploy.0 = Debug|Any CPU
		{C020FAD2-FE43-457F-A057-AD76E579D9B4}.Debug|iPhoneSimulator.ActiveCfg = Debug|Any CPU
		{C020FAD2-FE43-457F-A057-AD76E579D9B4}.Debug|iPhoneSimulator.Build.0 = Debug|Any CPU
		{C020FAD2-FE43-457F-A057-AD76E579D9B4}.Debug|iPhoneSimulator.Deploy.0 = Debug|Any CPU
		{C020FAD2-FE43-457F-A057-AD76E579D9B4}.Release|Any CPU.ActiveCfg = Release|Any CPU
		{C020FAD2-FE43-457F-A057-AD76E579D9B4}.Release|Any CPU.Build.0 = Release|Any CPU
		{C020FAD2-FE43-457F-A057-AD76E579D9B4}.Release|Any CPU.Deploy.0 = Release|Any CPU
		{C020FAD2-FE43-457F-A057-AD76E579D9B4}.Release|iPhone.ActiveCfg = Release|Any CPU
		{C020FAD2-FE43-457F-A057-AD76E579D9B4}.Release|iPhone.Build.0 = Release|Any CPU
		{C020FAD2-FE43-457F-A057-AD76E579D9B4}.Release|iPhone.Deploy.0 = Release|Any CPU
		{C020FAD2-FE43-457F-A057-AD76E579D9B4}.Release|iPhoneSimulator.ActiveCfg = Release|Any CPU
		{C020FAD2-FE43-457F-A057-AD76E579D9B4}.Release|iPhoneSimulator.Build.0 = Release|Any CPU
		{C020FAD2-FE43-457F-A057-AD76E579D9B4}.Release|iPhoneSimulator.Deploy.0 = Release|Any CPU
	EndGlobalSection
	GlobalSection(SolutionProperties) = preSolution
		HideSolutionNode = FALSE
	EndGlobalSection
	GlobalSection(ExtensibilityGlobals) = postSolution
		SolutionGuid = {C464BCD1-E284-4F84-8825-6748579371DC}
	EndGlobalSection
EndGlobal
